
Microsoft Visual Studio Solution File, Format Version 12.00
# Visual Studio Version 16
VisualStudioVersion = 16.0.29411.108
MinimumVisualStudioVersion = 10.0.40219.1
Project("{FAE04EC0-301F-11D3-BF4B-00C04F79EFBC}") = "DrawingTest", "DrawingTest\DrawingTest.csproj", "{97015858-ED96-4883-A98D-907D276E9C2F}"
EndProject
Global
	GlobalSection(SolutionConfigurationPlatforms) = preSolution
		Debug|Any CPU = Debug|Any CPU
		Release|Any CPU = Release|Any CPU
	EndGlobalSection
	GlobalSection(ProjectConfigurationPlatforms) = postSolution
		{97015858-ED96-4883-A98D-907D276E9C2F}.Debug|Any CPU.ActiveCfg = Debug|Any CPU
		{97015858-ED96-4883-A98D-907D276E9C2F}.Debug|Any CPU.Build.0 = Debug|Any CPU
		{97015858-ED96-4883-A98D-907D276E9C2F}.Release|Any CPU.ActiveCfg = Release|Any CPU
		{97015858-ED96-4883-A98D-907D276E9C2F}.Release|Any CPU.Build.0 = Release|Any CPU
	EndGlobalSection
	GlobalSection(SolutionProperties) = preSolution
		HideSolutionNode = FALSE
	EndGlobalSection
	GlobalSection(ExtensibilityGlobals) = postSolution
		SolutionGuid = {D48CEC69-90EB-4321-ACCA-40445E8C58FA}
	EndGlobalSection
EndGlobal
